
Microsoft Visual Studio Solution File, Format Version 12.00
# Visual Studio Version 16
VisualStudioVersion = 16.0.31129.286
MinimumVisualStudioVersion = 10.0.40219.1
Project("{FAE04EC0-301F-11D3-BF4B-00C04F79EFBC}") = "Api.DawaFinder", "Api.DawaFinder\Api.DawaFinder.csproj", "{0FDB14E8-5120-42AC-8242-0227DB3F5D52}"
EndProject
Global
	GlobalSection(SolutionConfigurationPlatforms) = preSolution
		Debug|Any CPU = Debug|Any CPU
		Release|Any CPU = Release|Any CPU
	EndGlobalSection
	GlobalSection(ProjectConfigurationPlatforms) = postSolution
		{0FDB14E8-5120-42AC-8242-0227DB3F5D52}.Debug|Any CPU.ActiveCfg = Debug|Any CPU
		{0FDB14E8-5120-42AC-8242-0227DB3F5D52}.Debug|Any CPU.Build.0 = Debug|Any CPU
		{0FDB14E8-5120-42AC-8242-0227DB3F5D52}.Release|Any CPU.ActiveCfg = Release|Any CPU
		{0FDB14E8-5120-42AC-8242-0227DB3F5D52}.Release|Any CPU.Build.0 = Release|Any CPU
	EndGlobalSection
	GlobalSection(SolutionProperties) = preSolution
		HideSolutionNode = FALSE
	EndGlobalSection
	GlobalSection(ExtensibilityGlobals) = postSolution
		SolutionGuid = {365BF8D1-0945-4BE9-B309-E6629C6618E1}
	EndGlobalSection
EndGlobal
